github.com/ArchWizard56/go-canvas v0.0.0-20230929174723-14ec235d099f h1:2M3XF52Kh7Ys3/UTLpTE2+PpJFQR5+bSvoS35l+CIPE=
github.com/ArchWizard56/go-canvas v0.0.0-20230929174723-14ec235d099f/go.mod h1:HKa7H6E2DPrRKXsc25nqSf2PojM1qdUjpSbhoIw74Ig=
github.com/ArchWizard56/go-webdav v0.0.0-20230929213214-c4abd28c935a h1:4L5/G0C0e+S+RMFpUgjD8ia/x8lgj7ay5f8CJ46b2g8=
github.com/ArchWizard56/go-webdav v0.0.0-20230929213214-c4abd28c935a/go.mod h1:hMmprtBZbftDQSRfac7P0CWgq8x9Pyffa95H3Gl4cyo=
github.com/emersion/go-ical v0.0.0-20220601085725-0864dccc089f h1:feGUUxxvOtWVOhTko8Cbmp33a+tU0IMZxMEmnkoAISQ=
github.com/emersion/go-ical v0.0.0-20220601085725-0864dccc089f/go.mod h1:2MKFUgfNMULRxqZkadG1Vh44we3y5gJAtTBlVsx1BKQ=
github.com/emersion/go-vcard v0.0.0-20191221110513-5f81fa0d3cc7/go.mod h1:HMJKR5wlh/ziNp+sHEDV2ltblO4JD2+IdDOWtGcQBTM=
github.com/google/uuid v1.3.1 h1:KjJaJ9iWZ3jOFZIf1Lqf4laDRCasjl0BCmnEGxkdLb4=
github.com/google/uuid v1.3.1/go.mod h1:TIyPZe4MgqvfeYDBFedMoGGpEw/LqOeaOT+nhxU+yHo=
github.com/harrybrwn/errs v0.0.1/go.mod h1:xekiTrup1h5u3YF9bpJT7qD1cmgYBA8qN9iHd/h/sho=
github.com/harrybrwn/errs v0.0.2-0.20200523142445-e4279967174e h1:RtaB1O5oXuA5jbz3TprWGk3KcfsaS5pkBnanTARjXSI=
github.com/harrybrwn/errs v0.0.2-0.20200523142445-e4279967174e/go.mod h1:xekiTrup1h5u3YF9bpJT7qD1cmgYBA8qN9iHd/h/sho=
github.com/harrybrwn/go-canvas v0.0.1 h1:6/6Z83DbpFtNKVplGYqalllYx4tdbCvk5HtBa63b2rM=
github.com/harrybrwn/go-canvas v0.0.1/go.mod h1:Vg8sito7IqyCI7iZUADbOUmVvMYQqkGOJA6ezaWkSqI=
github.com/harrybrwn/go-querystring v1.0.1-0.20200812230556-de172bc021ad h1:1aAZGfm8SrKkfVODudFMNcDNq2eflHTxFXqjzucxNOA=
github.com/harrybrwn/go-querystring v1.0.1-0.20200812230556-de172bc021ad/go.mod h1:vgIvUzro/BNvc4qAmR133SLQZDvURWGxCesSpBnjeQc=
github.com/matryer/is v1.3.0 h1:9qiso3jaJrOe6qBRJRBt2Ldht05qDiFP9le0JOIhRSI=
github.com/matryer/is v1.3.0/go.mod h1:2fLPjFQM9rhQ15aVEtbuwhJinnOqrmgXPNdZsdwlWXA=
github.com/teambition/rrule-go v1.7.2/go.mod h1:mBJ1Ht5uboJ6jexKdNUJg2NcwP8uUMNvStWXlJD3MvU=
github.com/teambition/rrule-go v1.8.2 h1:lIjpjvWTj9fFUZCmuoVDrKVOtdiyzbzc93qTmRVe/J8=
github.com/teambition/rrule-go v1.8.2/go.mod h1:Ieq5AbrKGciP1V//Wq8ktsTXwSwJHDD5mD/wLBGl3p4=
